// !$*UTF8*$!
{
archiveVersion = 1;
classes = {
};
objectVersion = 60;
objects = {

/* Begin PBXBuildFile section */
9E640C402B5F468F00A1B2C3 /* RaymapApp.swift in Sources */ = {isa = PBXBuildFile; fileRef = 9E640C302B5F468F00A1B2C3 /* RaymapApp.swift */; };
9E640C412B5F468F00A1B2C3 /* ContentView.swift in Sources */ = {isa = PBXBuildFile; fileRef = 9E640C312B5F468F00A1B2C3 /* ContentView.swift */; };
9E640C422B5F468F00A1B2C3 /* Parcel.swift in Sources */ = {isa = PBXBuildFile; fileRef = 9E640C322B5F468F00A1B2C3 /* Parcel.swift */; };
9E640C432B5F468F00A1B2C3 /* Parcel+Preview.swift in Sources */ = {isa = PBXBuildFile; fileRef = 9E640C332B5F468F00A1B2C3 /* Parcel+Preview.swift */; };
9E640C442B5F468F00A1B2C3 /* AuthService.swift in Sources */ = {isa = PBXBuildFile; fileRef = 9E640C342B5F468F00A1B2C3 /* AuthService.swift */; };
9E640C452B5F468F00A1B2C3 /* ParcelStore.swift in Sources */ = {isa = PBXBuildFile; fileRef = 9E640C352B5F468F00A1B2C3 /* ParcelStore.swift */; };
9E640C462B5F468F00A1B2C3 /* LoginView.swift in Sources */ = {isa = PBXBuildFile; fileRef = 9E640C362B5F468F00A1B2C3 /* LoginView.swift */; };
9E640C472B5F468F00A1B2C3 /* MapDashboardView.swift in Sources */ = {isa = PBXBuildFile; fileRef = 9E640C372B5F468F00A1B2C3 /* MapDashboardView.swift */; };
9E640C482B5F468F00A1B2C3 /* ParcelDetailSheet.swift in Sources */ = {isa = PBXBuildFile; fileRef = 9E640C382B5F468F00A1B2C3 /* ParcelDetailSheet.swift */; };
9E640C492B5F468F00A1B2C3 /* MapGeometryExtensions.swift in Sources */ = {isa = PBXBuildFile; fileRef = 9E640C392B5F468F00A1B2C3 /* MapGeometryExtensions.swift */; };
9E640C4A2B5F468F00A1B2C3 /* Assets.xcassets in Resources */ = {isa = PBXBuildFile; fileRef = 9E640C3A2B5F468F00A1B2C3 /* Assets.xcassets */; };
9E640C4B2B5F468F00A1B2C3 /* Preview Assets.xcassets in Resources */ = {isa = PBXBuildFile; fileRef = 9E640C3B2B5F468F00A1B2C3 /* Preview Assets.xcassets */; };
9E640C4C2B5F468F00A1B2C3 /* shelby_parcels_sample.geojson in Resources */ = {isa = PBXBuildFile; fileRef = 9E640C3C2B5F468F00A1B2C3 /* shelby_parcels_sample.geojson */; };
/* End PBXBuildFile section */

/* Begin PBXFileReference section */
9E640C1D2B5F468F00A1B2C3 /* Raymap.app */ = {isa = PBXFileReference; explicitFileType = wrapper.application; includeInIndex = 0; path = Raymap.app; sourceTree = BUILT_PRODUCTS_DIR; };
9E640C302B5F468F00A1B2C3 /* RaymapApp.swift */ = {isa = PBXFileReference; lastKnownFileType = sourcecode.swift; path = RaymapApp.swift; sourceTree = "<group>"; };
9E640C312B5F468F00A1B2C3 /* ContentView.swift */ = {isa = PBXFileReference; lastKnownFileType = sourcecode.swift; path = ContentView.swift; sourceTree = "<group>"; };
9E640C322B5F468F00A1B2C3 /* Parcel.swift */ = {isa = PBXFileReference; lastKnownFileType = sourcecode.swift; path = Parcel.swift; sourceTree = "<group>"; };
9E640C332B5F468F00A1B2C3 /* Parcel+Preview.swift */ = {isa = PBXFileReference; lastKnownFileType = sourcecode.swift; path = "Parcel+Preview.swift"; sourceTree = "<group>"; };
9E640C342B5F468F00A1B2C3 /* AuthService.swift */ = {isa = PBXFileReference; lastKnownFileType = sourcecode.swift; path = AuthService.swift; sourceTree = "<group>"; };
9E640C352B5F468F00A1B2C3 /* ParcelStore.swift */ = {isa = PBXFileReference; lastKnownFileType = sourcecode.swift; path = ParcelStore.swift; sourceTree = "<group>"; };
9E640C362B5F468F00A1B2C3 /* LoginView.swift */ = {isa = PBXFileReference; lastKnownFileType = sourcecode.swift; path = LoginView.swift; sourceTree = "<group>"; };
9E640C372B5F468F00A1B2C3 /* MapDashboardView.swift */ = {isa = PBXFileReference; lastKnownFileType = sourcecode.swift; path = MapDashboardView.swift; sourceTree = "<group>"; };
9E640C382B5F468F00A1B2C3 /* ParcelDetailSheet.swift */ = {isa = PBXFileReference; lastKnownFileType = sourcecode.swift; path = ParcelDetailSheet.swift; sourceTree = "<group>"; };
9E640C392B5F468F00A1B2C3 /* MapGeometryExtensions.swift */ = {isa = PBXFileReference; lastKnownFileType = sourcecode.swift; path = MapGeometryExtensions.swift; sourceTree = "<group>"; };
9E640C3A2B5F468F00A1B2C3 /* Assets.xcassets */ = {isa = PBXFileReference; lastKnownFileType = folder.assetcatalog; path = Assets.xcassets; sourceTree = "<group>"; };
9E640C3B2B5F468F00A1B2C3 /* Preview Assets.xcassets */ = {isa = PBXFileReference; lastKnownFileType = folder.assetcatalog; path = "Preview Assets.xcassets"; sourceTree = "<group>"; };
9E640C3C2B5F468F00A1B2C3 /* shelby_parcels_sample.geojson */ = {isa = PBXFileReference; lastKnownFileType = text; path = shelby_parcels_sample.geojson; sourceTree = "<group>"; };
9E640C3D2B5F468F00A1B2C3 /* Info.plist */ = {isa = PBXFileReference; lastKnownFileType = text.plist.xml; path = Info.plist; sourceTree = "<group>"; };
/* End PBXFileReference section */

/* Begin PBXFrameworksBuildPhase section */
9E640C1F2B5F468F00A1B2C3 /* Frameworks */ = {
isa = PBXFrameworksBuildPhase;
buildActionMask = 2147483647;
files = (
);
runOnlyForDeploymentPostprocessing = 0;
};
/* End PBXFrameworksBuildPhase section */

/* Begin PBXGroup section */
9E640C1B2B5F468F00A1B2C3 = {
isa = PBXGroup;
children = (
9E640C1E2B5F468F00A1B2C3 /* Raymap */,
9E640C1C2B5F468F00A1B2C3 /* Products */,
);
sourceTree = "<group>";
};
9E640C1C2B5F468F00A1B2C3 /* Products */ = {
isa = PBXGroup;
children = (
9E640C1D2B5F468F00A1B2C3 /* Raymap.app */,
);
name = Products;
sourceTree = "<group>";
};
9E640C1E2B5F468F00A1B2C3 /* Raymap */ = {
isa = PBXGroup;
children = (
9E640C302B5F468F00A1B2C3 /* RaymapApp.swift */,
9E640C312B5F468F00A1B2C3 /* ContentView.swift */,
9E640C282B5F468F00A1B2C3 /* Models */,
9E640C292B5F468F00A1B2C3 /* Services */,
9E640C2A2B5F468F00A1B2C3 /* Views */,
9E640C2B2B5F468F00A1B2C3 /* Utilities */,
9E640C2C2B5F468F00A1B2C3 /* Resources */,
9E640C3A2B5F468F00A1B2C3 /* Assets.xcassets */,
9E640C2D2B5F468F00A1B2C3 /* Preview Content */,
9E640C3D2B5F468F00A1B2C3 /* Info.plist */,
);
path = Raymap;
sourceTree = "<group>";
};
9E640C282B5F468F00A1B2C3 /* Models */ = {
isa = PBXGroup;
children = (
9E640C322B5F468F00A1B2C3 /* Parcel.swift */,
9E640C332B5F468F00A1B2C3 /* Parcel+Preview.swift */,
);
path = Models;
sourceTree = "<group>";
};
9E640C292B5F468F00A1B2C3 /* Services */ = {
isa = PBXGroup;
children = (
9E640C342B5F468F00A1B2C3 /* AuthService.swift */,
9E640C352B5F468F00A1B2C3 /* ParcelStore.swift */,
);
path = Services;
sourceTree = "<group>";
};
9E640C2A2B5F468F00A1B2C3 /* Views */ = {
isa = PBXGroup;
children = (
9E640C362B5F468F00A1B2C3 /* LoginView.swift */,
9E640C372B5F468F00A1B2C3 /* MapDashboardView.swift */,
9E640C382B5F468F00A1B2C3 /* ParcelDetailSheet.swift */,
);
path = Views;
sourceTree = "<group>";
};
9E640C2B2B5F468F00A1B2C3 /* Utilities */ = {
isa = PBXGroup;
children = (
9E640C392B5F468F00A1B2C3 /* MapGeometryExtensions.swift */,
);
path = Utilities;
sourceTree = "<group>";
};
9E640C2C2B5F468F00A1B2C3 /* Resources */ = {
isa = PBXGroup;
children = (
9E640C2E2B5F468F00A1B2C3 /* Data */,
);
path = Resources;
sourceTree = "<group>";
};
9E640C2D2B5F468F00A1B2C3 /* Preview Content */ = {
isa = PBXGroup;
children = (
9E640C3B2B5F468F00A1B2C3 /* Preview Assets.xcassets */,
);
path = "Preview Content";
sourceTree = "<group>";
};
9E640C2E2B5F468F00A1B2C3 /* Data */ = {
isa = PBXGroup;
children = (
9E640C3C2B5F468F00A1B2C3 /* shelby_parcels_sample.geojson */,
);
path = Data;
sourceTree = "<group>";
};
/* End PBXGroup section */

/* Begin PBXNativeTarget section */
9E640C1E2B5F468F00A1B2C4 /* Raymap */ = {
isa = PBXNativeTarget;
buildConfigurationList = 9E640C232B5F468F00A1B2C3 /* Build configuration list for PBXNativeTarget "Raymap" */;
buildPhases = (
9E640C202B5F468F00A1B2C3 /* Sources */,
9E640C1F2B5F468F00A1B2C3 /* Frameworks */,
9E640C212B5F468F00A1B2C3 /* Resources */,
);
buildRules = (
);
dependencies = (
);
name = Raymap;
productName = Raymap;
productReference = 9E640C1D2B5F468F00A1B2C3 /* Raymap.app */;
productType = "com.apple.product-type.application";
};
/* End PBXNativeTarget section */

/* Begin PBXProject section */
9E640C1A2B5F468F00A1B2C3 /* Project object */ = {
isa = PBXProject;
attributes = {
BuildIndependentTargetsInParallel = YES;
LastSwiftUpdateCheck = 1500;
LastUpgradeCheck = 1500;
TargetAttributes = {
9E640C1E2B5F468F00A1B2C4 = {
CreatedOnToolsVersion = 15.0;
};
};
};
buildConfigurationList = 9E640C222B5F468F00A1B2C3 /* Build configuration list for PBXProject "Raymap" */;
compatibilityVersion = "Xcode 15.0";
developmentRegion = en;
hasScannedForEncodings = 0;
knownRegions = (
en,
);
mainGroup = 9E640C1B2B5F468F00A1B2C3;
productRefGroup = 9E640C1C2B5F468F00A1B2C3 /* Products */;
projectDirPath = "";
projectRoot = "";
targets = (
9E640C1E2B5F468F00A1B2C4 /* Raymap */,
);
};
/* End PBXProject section */

/* Begin PBXResourcesBuildPhase section */
9E640C212B5F468F00A1B2C3 /* Resources */ = {
isa = PBXResourcesBuildPhase;
buildActionMask = 2147483647;
files = (
9E640C4A2B5F468F00A1B2C3 /* Assets.xcassets in Resources */,
9E640C4B2B5F468F00A1B2C3 /* Preview Assets.xcassets in Resources */,
9E640C4C2B5F468F00A1B2C3 /* shelby_parcels_sample.geojson in Resources */,
);
runOnlyForDeploymentPostprocessing = 0;
};
/* End PBXResourcesBuildPhase section */

/* Begin PBXSourcesBuildPhase section */
9E640C202B5F468F00A1B2C3 /* Sources */ = {
isa = PBXSourcesBuildPhase;
buildActionMask = 2147483647;
files = (
9E640C492B5F468F00A1B2C3 /* MapGeometryExtensions.swift in Sources */,
9E640C412B5F468F00A1B2C3 /* ContentView.swift in Sources */,
9E640C472B5F468F00A1B2C3 /* MapDashboardView.swift in Sources */,
9E640C452B5F468F00A1B2C3 /* ParcelStore.swift in Sources */,
9E640C422B5F468F00A1B2C3 /* Parcel.swift in Sources */,
9E640C482B5F468F00A1B2C3 /* ParcelDetailSheet.swift in Sources */,
9E640C402B5F468F00A1B2C3 /* RaymapApp.swift in Sources */,
9E640C432B5F468F00A1B2C3 /* Parcel+Preview.swift in Sources */,
9E640C442B5F468F00A1B2C3 /* AuthService.swift in Sources */,
9E640C462B5F468F00A1B2C3 /* LoginView.swift in Sources */,
);
runOnlyForDeploymentPostprocessing = 0;
};
/* End PBXSourcesBuildPhase section */

/* Begin XCBuildConfiguration section */
9E640C242B5F468F00A1B2C3 /* Debug */ = {
isa = XCBuildConfiguration;
buildSettings = {
ALWAYS_SEARCH_USER_PATHS = NO;
CLANG_ANALYZER_NONNULL = YES;
CLANG_ANALYZER_NUMBER_OBJECT_CONVERSION = YES_AGGRESSIVE;
CLANG_CXX_LANGUAGE_STANDARD = "gnu++20";
CLANG_ENABLE_MODULES = YES;
CLANG_ENABLE_OBJC_ARC = YES;
CLANG_WARN_BLOCK_CAPTURE_AUTORELEASING = YES;
CLANG_WARN_BOOL_CONVERSION = YES;
CLANG_WARN_COMMA = YES;
CLANG_WARN_CONSTANT_CONVERSION = YES;
CLANG_WARN_DEPRECATED_OBJC_IMPLEMENTATIONS = YES;
CLANG_WARN_DIRECT_OBJC_ISA_USAGE = YES_ERROR;
CLANG_WARN_DOCUMENTATION_COMMENTS = YES;
CLANG_WARN_EMPTY_BODY = YES;
CLANG_WARN_ENUM_CONVERSION = YES;
CLANG_WARN_INFINITE_RECURSION = YES;
CLANG_WARN_INT_CONVERSION = YES;
CLANG_WARN_NON_LITERAL_NULL_CONVERSION = YES;
CLANG_WARN_OBJC_IMPLICIT_RETAIN_SELF = YES;
CLANG_WARN_OBJC_LITERAL_CONVERSION = YES;
CLANG_WARN_QUOTED_INCLUDE_IN_FRAMEWORK_HEADER = YES;
CLANG_WARN_RANGE_LOOP_ANALYSIS = YES;
CLANG_WARN_STRICT_PROTOTYPES = YES;
CLANG_WARN_SUSPICIOUS_MOVE = YES;
CLANG_WARN_UNGUARDED_AVAILABILITY = YES_AGGRESSIVE;
COPY_PHASE_STRIP = NO;
DEBUG_INFORMATION_FORMAT = dwarf;
ENABLE_STRICT_OBJC_MSGSEND = YES;
ENABLE_TESTABILITY = YES;
GCC_C_LANGUAGE_STANDARD = gnu17;
GCC_DYNAMIC_NO_PIC = NO;
GCC_NO_COMMON_BLOCKS = YES;
GCC_OPTIMIZATION_LEVEL = 0;
GCC_PREPROCESSOR_DEFINITIONS = (
"DEBUG=1",
"$(inherited)",
);
GCC_WARN_64_TO_32_BIT_CONVERSION = YES;
GCC_WARN_ABOUT_RETURN_TYPE = YES_ERROR;
GCC_WARN_UNDECLARED_SELECTOR = YES;
GCC_WARN_UNINITIALIZED_AUTOS = YES_AGGRESSIVE;
GCC_WARN_UNUSED_FUNCTION = YES;
GCC_WARN_UNUSED_VARIABLE = YES;
IPHONEOS_DEPLOYMENT_TARGET = 17.0;
MTL_ENABLE_DEBUG_INFO = INCLUDE_SOURCE;
ONLY_ACTIVE_ARCH = YES;
SDKROOT = iphoneos;
SWIFT_ACTIVE_COMPILATION_CONDITIONS = "DEBUG $(inherited)";
SWIFT_OPTIMIZATION_LEVEL = "-Onone";
};
name = Debug;
};
9E640C252B5F468F00A1B2C3 /* Release */ = {
isa = XCBuildConfiguration;
buildSettings = {
ALWAYS_SEARCH_USER_PATHS = NO;
CLANG_ANALYZER_NONNULL = YES;
CLANG_ANALYZER_NUMBER_OBJECT_CONVERSION = YES_AGGRESSIVE;
CLANG_CXX_LANGUAGE_STANDARD = "gnu++20";
CLANG_ENABLE_MODULES = YES;
CLANG_ENABLE_OBJC_ARC = YES;
CLANG_WARN_BLOCK_CAPTURE_AUTORELEASING = YES;
CLANG_WARN_BOOL_CONVERSION = YES;
CLANG_WARN_COMMA = YES;
CLANG_WARN_CONSTANT_CONVERSION = YES;
CLANG_WARN_DEPRECATED_OBJC_IMPLEMENTATIONS = YES;
CLANG_WARN_DIRECT_OBJC_ISA_USAGE = YES_ERROR;
CLANG_WARN_DOCUMENTATION_COMMENTS = YES;
CLANG_WARN_EMPTY_BODY = YES;
CLANG_WARN_ENUM_CONVERSION = YES;
CLANG_WARN_INFINITE_RECURSION = YES;
CLANG_WARN_INT_CONVERSION = YES;
CLANG_WARN_NON_LITERAL_NULL_CONVERSION = YES;
CLANG_WARN_OBJC_IMPLICIT_RETAIN_SELF = YES;
CLANG_WARN_OBJC_LITERAL_CONVERSION = YES;
CLANG_WARN_QUOTED_INCLUDE_IN_FRAMEWORK_HEADER = YES;
CLANG_WARN_RANGE_LOOP_ANALYSIS = YES;
CLANG_WARN_STRICT_PROTOTYPES = YES;
CLANG_WARN_SUSPICIOUS_MOVE = YES;
CLANG_WARN_UNGUARDED_AVAILABILITY = YES_AGGRESSIVE;
COPY_PHASE_STRIP = NO;
DEBUG_INFORMATION_FORMAT = "dwarf-with-dsym";
ENABLE_NS_ASSERTIONS = NO;
ENABLE_STRICT_OBJC_MSGSEND = YES;
GCC_C_LANGUAGE_STANDARD = gnu17;
GCC_NO_COMMON_BLOCKS = YES;
GCC_WARN_64_TO_32_BIT_CONVERSION = YES;
GCC_WARN_ABOUT_RETURN_TYPE = YES_ERROR;
GCC_WARN_UNDECLARED_SELECTOR = YES;
GCC_WARN_UNINITIALIZED_AUTOS = YES_AGGRESSIVE;
GCC_WARN_UNUSED_FUNCTION = YES;
GCC_WARN_UNUSED_VARIABLE = YES;
IPHONEOS_DEPLOYMENT_TARGET = 17.0;
MTL_ENABLE_DEBUG_INFO = NO;
SDKROOT = iphoneos;
SWIFT_COMPILATION_MODE = wholemodule;
SWIFT_OPTIMIZATION_LEVEL = "-O";
VALIDATE_PRODUCT = YES;
};
name = Release;
};
9E640C262B5F468F00A1B2C3 /* Debug */ = {
isa = XCBuildConfiguration;
buildSettings = {
ASSETCATALOG_COMPILER_APPICON_NAME = AppIcon;
ASSETCATALOG_COMPILER_GLOBAL_ACCENT_COLOR_NAME = AccentColor;
CODE_SIGN_STYLE = Automatic;
CURRENT_PROJECT_VERSION = 1;
DEVELOPMENT_TEAM = "";
INFOPLIST_FILE = Raymap/Info.plist;
IPHONEOS_DEPLOYMENT_TARGET = 17.0;
LD_RUNPATH_SEARCH_PATHS = (
"$(inherited)",
"@executable_path/Frameworks",
);
MARKETING_VERSION = 0.1.0;
PRODUCT_BUNDLE_IDENTIFIER = com.owenmaster.raymap;
PRODUCT_NAME = "$(TARGET_NAME)";
SWIFT_EMIT_LOC_STRINGS = YES;
SWIFT_VERSION = 5.0;
TARGETED_DEVICE_FAMILY = "1,2";
};
name = Debug;
};
9E640C272B5F468F00A1B2C3 /* Release */ = {
isa = XCBuildConfiguration;
buildSettings = {
ASSETCATALOG_COMPILER_APPICON_NAME = AppIcon;
ASSETCATALOG_COMPILER_GLOBAL_ACCENT_COLOR_NAME = AccentColor;
CODE_SIGN_STYLE = Automatic;
CURRENT_PROJECT_VERSION = 1;
DEVELOPMENT_TEAM = "";
INFOPLIST_FILE = Raymap/Info.plist;
IPHONEOS_DEPLOYMENT_TARGET = 17.0;
LD_RUNPATH_SEARCH_PATHS = (
"$(inherited)",
"@executable_path/Frameworks",
);
MARKETING_VERSION = 0.1.0;
PRODUCT_BUNDLE_IDENTIFIER = com.owenmaster.raymap;
PRODUCT_NAME = "$(TARGET_NAME)";
SWIFT_EMIT_LOC_STRINGS = YES;
SWIFT_VERSION = 5.0;
TARGETED_DEVICE_FAMILY = "1,2";
};
name = Release;
};
/* End XCBuildConfiguration section */

/* Begin XCConfigurationList section */
9E640C222B5F468F00A1B2C3 /* Build configuration list for PBXProject "Raymap" */ = {
isa = XCConfigurationList;
buildConfigurations = (
9E640C242B5F468F00A1B2C3 /* Debug */,
9E640C252B5F468F00A1B2C3 /* Release */,
);
defaultConfigurationIsVisible = 0;
defaultConfigurationName = Release;
};
9E640C232B5F468F00A1B2C3 /* Build configuration list for PBXNativeTarget "Raymap" */ = {
isa = XCConfigurationList;
buildConfigurations = (
9E640C262B5F468F00A1B2C3 /* Debug */,
9E640C272B5F468F00A1B2C3 /* Release */,
);
defaultConfigurationIsVisible = 0;
defaultConfigurationName = Release;
};
/* End XCConfigurationList section */
};
rootObject = 9E640C1A2B5F468F00A1B2C3 /* Project object */;
}
